github.com/ramr/go-reaper v0.2.3 h1:2dSj+5SaIiWr6Lzaq2J7Fok0vUuF4zK1AmsE6iuxyao=
github.com/ramr/go-reaper v0.2.3/go.mod h1:bgru3llkYWSj8qb6akpA0sh0pq468OQ5wqvFT3BFHsE=
golang.org/x/sys v0.26.0/go.mod h1:/VUhepiaJMQUp4+oa/7Zr1D23ma6VTLIYjOOTFZPUcA=
golang.org/x/sys v0.33.0 h1:q3i8TbbEz+JRD9ywIRlyRAQbM0qF7hu24q3teo2hbuw=
golang.org/x/sys v0.33.0/go.mod h1:BJP2sWEmIv4KK5OTEluFJCKSidICx8ciO85XgH3Ak8k=
